Microsoft Visual Studio Solution File, Format Version 12.00
# Visual Studio Version 17
VisualStudioVersion = 17.5.2.0
MinimumVisualStudioVersion = 10.0.40219.1
Project("{FAE04EC0-301F-11D3-BF4B-00C04F79EFBC}") = "TiendaApi", "TiendaApi\TiendaApi.csproj", "{C578D80B-B31F-6B7E-0AA9-713C6552305A}"
EndProject
Project("{2150E333-8FDC-42A3-9474-1A3956D46DE8}") = "TiendaApi (1)", "TiendaApi (1)", "{632F29E9-B727-1A63-F7BB-77E03F0947F6}"
EndProject
Project("{FAE04EC0-301F-11D3-BF4B-00C04F79EFBC}") = "TiendaApi", "TiendaApi\TiendaApi\TiendaApi.csproj", "{A53C9521-3A39-6576-47CF-5F660B586B47}"
EndProject
Global
	GlobalSection(SolutionConfigurationPlatforms) = preSolution
		Debug|Any CPU = Debug|Any CPU
		Release|Any CPU = Release|Any CPU
	EndGlobalSection
	GlobalSection(ProjectConfigurationPlatforms) = postSolution
		{C578D80B-B31F-6B7E-0AA9-713C6552305A}.Debug|Any CPU.ActiveCfg = Debug|Any CPU
		{C578D80B-B31F-6B7E-0AA9-713C6552305A}.Debug|Any CPU.Build.0 = Debug|Any CPU
		{C578D80B-B31F-6B7E-0AA9-713C6552305A}.Release|Any CPU.ActiveCfg = Release|Any CPU
		{C578D80B-B31F-6B7E-0AA9-713C6552305A}.Release|Any CPU.Build.0 = Release|Any CPU
		{A53C9521-3A39-6576-47CF-5F660B586B47}.Debug|Any CPU.ActiveCfg = Debug|Any CPU
		{A53C9521-3A39-6576-47CF-5F660B586B47}.Debug|Any CPU.Build.0 = Debug|Any CPU
		{A53C9521-3A39-6576-47CF-5F660B586B47}.Release|Any CPU.ActiveCfg = Release|Any CPU
		{A53C9521-3A39-6576-47CF-5F660B586B47}.Release|Any CPU.Build.0 = Release|Any CPU
	EndGlobalSection
	GlobalSection(SolutionProperties) = preSolution
		HideSolutionNode = FALSE
	EndGlobalSection
	GlobalSection(NestedProjects) = preSolution
		{A53C9521-3A39-6576-47CF-5F660B586B47} = {632F29E9-B727-1A63-F7BB-77E03F0947F6}
	EndGlobalSection
	GlobalSection(ExtensibilityGlobals) = postSolution
		SolutionGuid = {F2AC7800-8050-4BCB-B300-6D1DFAE33684}
	EndGlobalSection
EndGlobal
